apiVersion: vendir.k14s.io/v1alpha1
directories:
- contents:
  - githubRelease:
      url: https://api.github.com/repos/k3s-io/k3s/releases/46636377
    path: github.com/k3s-io/k3s
  - githubRelease:
      url: https://api.github.com/repos/derailed/k9s/releases/45905459
    path: github.com/derailed/k9s
  path: src
kind: LockConfig
