apiVersion: vendir.k14s.io/v1alpha1
directories:
- contents:
  - githubRelease:
      tag: v1.24.13+k3s1
      url: https://api.github.com/repos/k3s-io/k3s/releases/100133123
    path: github.com/k3s-io/k3s
  - githubRelease:
      tag: v0.27.4
      url: https://api.github.com/repos/derailed/k9s/releases/102132777
    path: github.com/derailed/k9s
  - githubRelease:
      tag: v1.3.1
      url: https://api.github.com/repos/containerd/nerdctl/releases/99499161
    path: github.com/containerd/nerdctl
  path: src
kind: LockConfig
